
Microsoft Visual Studio Solution File, Format Version 12.00
# Visual Studio Version 16
VisualStudioVersion = 16.0.31112.23
MinimumVisualStudioVersion = 10.0.40219.1
Project("{FAE04EC0-301F-11D3-BF4B-00C04F79EFBC}") = "Interface4", "Interface4\Interface4.csproj", "{59FFFF46-DBF2-4B5A-87C4-61959C10A16F}"
EndProject
Global
	GlobalSection(SolutionConfigurationPlatforms) = preSolution
		Debug|Any CPU = Debug|Any CPU
		Release|Any CPU = Release|Any CPU
	EndGlobalSection
	GlobalSection(ProjectConfigurationPlatforms) = postSolution
		{59FFFF46-DBF2-4B5A-87C4-61959C10A16F}.Debug|Any CPU.ActiveCfg = Debug|Any CPU
		{59FFFF46-DBF2-4B5A-87C4-61959C10A16F}.Debug|Any CPU.Build.0 = Debug|Any CPU
		{59FFFF46-DBF2-4B5A-87C4-61959C10A16F}.Release|Any CPU.ActiveCfg = Release|Any CPU
		{59FFFF46-DBF2-4B5A-87C4-61959C10A16F}.Release|Any CPU.Build.0 = Release|Any CPU
	EndGlobalSection
	GlobalSection(SolutionProperties) = preSolution
		HideSolutionNode = FALSE
	EndGlobalSection
	GlobalSection(ExtensibilityGlobals) = postSolution
		SolutionGuid = {C7C59898-3180-46A6-81FA-9A65EFEF99F5}
	EndGlobalSection
EndGlobal
