
Microsoft Visual Studio Solution File, Format Version 12.00
# Visual Studio Version 16
VisualStudioVersion = 16.0.31112.23
MinimumVisualStudioVersion = 10.0.40219.1
Project("{FAE04EC0-301F-11D3-BF4B-00C04F79EFBC}") = "Interface3", "Interface3\Interface3.csproj", "{7694D115-7FCD-4CFF-BD52-AC131FF1E348}"
EndProject
Global
	GlobalSection(SolutionConfigurationPlatforms) = preSolution
		Debug|Any CPU = Debug|Any CPU
		Release|Any CPU = Release|Any CPU
	EndGlobalSection
	GlobalSection(ProjectConfigurationPlatforms) = postSolution
		{7694D115-7FCD-4CFF-BD52-AC131FF1E348}.Debug|Any CPU.ActiveCfg = Debug|Any CPU
		{7694D115-7FCD-4CFF-BD52-AC131FF1E348}.Debug|Any CPU.Build.0 = Debug|Any CPU
		{7694D115-7FCD-4CFF-BD52-AC131FF1E348}.Release|Any CPU.ActiveCfg = Release|Any CPU
		{7694D115-7FCD-4CFF-BD52-AC131FF1E348}.Release|Any CPU.Build.0 = Release|Any CPU
	EndGlobalSection
	GlobalSection(SolutionProperties) = preSolution
		HideSolutionNode = FALSE
	EndGlobalSection
	GlobalSection(ExtensibilityGlobals) = postSolution
		SolutionGuid = {52708987-D4B4-4169-839A-81AF4EEE6AE3}
	EndGlobalSection
EndGlobal
