
Microsoft Visual Studio Solution File, Format Version 12.00
# Visual Studio Version 16
VisualStudioVersion = 16.0.31112.23
MinimumVisualStudioVersion = 10.0.40219.1
Project("{FAE04EC0-301F-11D3-BF4B-00C04F79EFBC}") = "ExtensionMethod", "ExtensionMethod\ExtensionMethod.csproj", "{059A3849-B78D-4828-BA4B-432CCC9000BC}"
EndProject
Global
	GlobalSection(SolutionConfigurationPlatforms) = preSolution
		Debug|Any CPU = Debug|Any CPU
		Release|Any CPU = Release|Any CPU
	EndGlobalSection
	GlobalSection(ProjectConfigurationPlatforms) = postSolution
		{059A3849-B78D-4828-BA4B-432CCC9000BC}.Debug|Any CPU.ActiveCfg = Debug|Any CPU
		{059A3849-B78D-4828-BA4B-432CCC9000BC}.Debug|Any CPU.Build.0 = Debug|Any CPU
		{059A3849-B78D-4828-BA4B-432CCC9000BC}.Release|Any CPU.ActiveCfg = Release|Any CPU
		{059A3849-B78D-4828-BA4B-432CCC9000BC}.Release|Any CPU.Build.0 = Release|Any CPU
	EndGlobalSection
	GlobalSection(SolutionProperties) = preSolution
		HideSolutionNode = FALSE
	EndGlobalSection
	GlobalSection(ExtensibilityGlobals) = postSolution
		SolutionGuid = {D3C2D195-0531-4563-8189-9E3DDBCC4212}
	EndGlobalSection
EndGlobal
