
Microsoft Visual Studio Solution File, Format Version 12.00
# Visual Studio Version 16
VisualStudioVersion = 16.0.31112.23
MinimumVisualStudioVersion = 10.0.40219.1
Project("{FAE04EC0-301F-11D3-BF4B-00C04F79EFBC}") = "Directory_DirectoryInfo", "Directory_DirectoryInfo\Directory_DirectoryInfo.csproj", "{E7D5DBB9-C759-48D6-B850-7ED17CC766E8}"
EndProject
Global
	GlobalSection(SolutionConfigurationPlatforms) = preSolution
		Debug|Any CPU = Debug|Any CPU
		Release|Any CPU = Release|Any CPU
	EndGlobalSection
	GlobalSection(ProjectConfigurationPlatforms) = postSolution
		{E7D5DBB9-C759-48D6-B850-7ED17CC766E8}.Debug|Any CPU.ActiveCfg = Debug|Any CPU
		{E7D5DBB9-C759-48D6-B850-7ED17CC766E8}.Debug|Any CPU.Build.0 = Debug|Any CPU
		{E7D5DBB9-C759-48D6-B850-7ED17CC766E8}.Release|Any CPU.ActiveCfg = Release|Any CPU
		{E7D5DBB9-C759-48D6-B850-7ED17CC766E8}.Release|Any CPU.Build.0 = Release|Any CPU
	EndGlobalSection
	GlobalSection(SolutionProperties) = preSolution
		HideSolutionNode = FALSE
	EndGlobalSection
	GlobalSection(ExtensibilityGlobals) = postSolution
		SolutionGuid = {F5204B5C-B5AD-4A57-81AE-97AF546ECEC2}
	EndGlobalSection
EndGlobal
