
Microsoft Visual Studio Solution File, Format Version 12.00
# Visual Studio Version 16
VisualStudioVersion = 16.0.31112.23
MinimumVisualStudioVersion = 10.0.40219.1
Project("{FAE04EC0-301F-11D3-BF4B-00C04F79EFBC}") = "Set1", "Set1\Set1.csproj", "{93857C3D-BA55-4C74-8C52-969B943472EB}"
EndProject
Global
	GlobalSection(SolutionConfigurationPlatforms) = preSolution
		Debug|Any CPU = Debug|Any CPU
		Release|Any CPU = Release|Any CPU
	EndGlobalSection
	GlobalSection(ProjectConfigurationPlatforms) = postSolution
		{93857C3D-BA55-4C74-8C52-969B943472EB}.Debug|Any CPU.ActiveCfg = Debug|Any CPU
		{93857C3D-BA55-4C74-8C52-969B943472EB}.Debug|Any CPU.Build.0 = Debug|Any CPU
		{93857C3D-BA55-4C74-8C52-969B943472EB}.Release|Any CPU.ActiveCfg = Release|Any CPU
		{93857C3D-BA55-4C74-8C52-969B943472EB}.Release|Any CPU.Build.0 = Release|Any CPU
	EndGlobalSection
	GlobalSection(SolutionProperties) = preSolution
		HideSolutionNode = FALSE
	EndGlobalSection
	GlobalSection(ExtensibilityGlobals) = postSolution
		SolutionGuid = {8AE65C56-4A71-4935-BEDF-E8A6F00DCD8B}
	EndGlobalSection
EndGlobal
