
Microsoft Visual Studio Solution File, Format Version 12.00
# Visual Studio Version 16
VisualStudioVersion = 16.0.31112.23
MinimumVisualStudioVersion = 10.0.40219.1
Project("{FAE04EC0-301F-11D3-BF4B-00C04F79EFBC}") = "GetHashCodeEquals", "GetHashCodeEquals\GetHashCodeEquals.csproj", "{7F949F7E-D163-41B0-BAA0-F83C16F5EFBC}"
EndProject
Global
	GlobalSection(SolutionConfigurationPlatforms) = preSolution
		Debug|Any CPU = Debug|Any CPU
		Release|Any CPU = Release|Any CPU
	EndGlobalSection
	GlobalSection(ProjectConfigurationPlatforms) = postSolution
		{7F949F7E-D163-41B0-BAA0-F83C16F5EFBC}.Debug|Any CPU.ActiveCfg = Debug|Any CPU
		{7F949F7E-D163-41B0-BAA0-F83C16F5EFBC}.Debug|Any CPU.Build.0 = Debug|Any CPU
		{7F949F7E-D163-41B0-BAA0-F83C16F5EFBC}.Release|Any CPU.ActiveCfg = Release|Any CPU
		{7F949F7E-D163-41B0-BAA0-F83C16F5EFBC}.Release|Any CPU.Build.0 = Release|Any CPU
	EndGlobalSection
	GlobalSection(SolutionProperties) = preSolution
		HideSolutionNode = FALSE
	EndGlobalSection
	GlobalSection(ExtensibilityGlobals) = postSolution
		SolutionGuid = {27481BCC-1687-40F3-830B-6F052F3DD27A}
	EndGlobalSection
EndGlobal
