
Microsoft Visual Studio Solution File, Format Version 12.00
# Visual Studio Version 16
VisualStudioVersion = 16.0.31112.23
MinimumVisualStudioVersion = 10.0.40219.1
Project("{FAE04EC0-301F-11D3-BF4B-00C04F79EFBC}") = "Interface5", "Interface5\Interface5.csproj", "{F46347BF-BE36-4EFD-BC17-DAB6328CB080}"
EndProject
Global
	GlobalSection(SolutionConfigurationPlatforms) = preSolution
		Debug|Any CPU = Debug|Any CPU
		Release|Any CPU = Release|Any CPU
	EndGlobalSection
	GlobalSection(ProjectConfigurationPlatforms) = postSolution
		{F46347BF-BE36-4EFD-BC17-DAB6328CB080}.Debug|Any CPU.ActiveCfg = Debug|Any CPU
		{F46347BF-BE36-4EFD-BC17-DAB6328CB080}.Debug|Any CPU.Build.0 = Debug|Any CPU
		{F46347BF-BE36-4EFD-BC17-DAB6328CB080}.Release|Any CPU.ActiveCfg = Release|Any CPU
		{F46347BF-BE36-4EFD-BC17-DAB6328CB080}.Release|Any CPU.Build.0 = Release|Any CPU
	EndGlobalSection
	GlobalSection(SolutionProperties) = preSolution
		HideSolutionNode = FALSE
	EndGlobalSection
	GlobalSection(ExtensibilityGlobals) = postSolution
		SolutionGuid = {B8BCE2E1-4425-49FB-BD77-38C003521F12}
	EndGlobalSection
EndGlobal
